
Microsoft Visual Studio Solution File, Format Version 12.00
# Visual Studio Version 17
VisualStudioVersion = 17.0.31903.59
MinimumVisualStudioVersion = 10.0.40219.1
Project("{FAE04EC0-301F-11D3-BF4B-00C04F79EFBC}") = "ThreadingFix", "ThreadingFix.csproj", "{A1B2C3D4-1234-5678-9ABC-DEF012345678}"
EndProject
Global
	GlobalSection(SolutionConfigurationPlatforms) = preSolution
		Debug|AnyCPU = Debug|AnyCPU
		Release|AnyCPU = Release|AnyCPU
	EndGlobalSection
	GlobalSection(ProjectConfigurationPlatforms) = postSolution
		{A1B2C3D4-1234-5678-9ABC-DEF012345678}.Debug|AnyCPU.ActiveCfg = Debug|AnyCPU
		{A1B2C3D4-1234-5678-9ABC-DEF012345678}.Debug|AnyCPU.Build.0 = Debug|AnyCPU
		{A1B2C3D4-1234-5678-9ABC-DEF012345678}.Release|AnyCPU.ActiveCfg = Release|AnyCPU
		{A1B2C3D4-1234-5678-9ABC-DEF012345678}.Release|AnyCPU.Build.0 = Release|AnyCPU
	EndGlobalSection
EndGlobal
